version = 1
revision = 3
requires-python = "==3.12.*"

[[package]]
name = "asn1crypto"
version = "1.5.1"
source = { registry = "https://pypi.org/simple" }
sdist = { url = "https://files.pythonhosted.org/packages/de/cf/d547feed25b5244fcb9392e288ff9fdc3280b10260362fc45d37a798a6ee/asn1crypto-1.5.1.tar.gz", hash = "sha256:13ae38502be632115abf8a24cbe5f4da52e3b5231990aff31123c805306ccb9c", size = 121080, upload-time = "2022-03-15T14:46:52.889Z" }
wheels = [
    { url = "https://files.pythonhosted.org/packages/c9/7f/09065fd9e27da0eda08b4d6897f1c13535066174cc023af248fc2a8d5e5a/asn1crypto-1.5.1-py2.py3-none-any.whl", hash = "sha256:db4e40728b728508912cbb3d44f19ce188f218e9eba635821bb4b68564f8fd67", size = 105045, upload-time = "2022-03-15T14:46:51.055Z" },
]

[[package]]
name = "attrs"
version = "26.1.0"
source = { registry = "https://pypi.org/simple" }
sdist = { url = "https://files.pythonhosted.org/packages/9a/8e/82a0fe20a541c03148528be8cac2408564a6c9a0cc7e9171802bc1d26985/attrs-26.1.0.tar.gz", hash = "sha256:d03ceb89cb322a8fd706d4fb91940737b6642aa36998fe130a9bc96c985eff32", size = 952055, upload-time = "2026-03-19T14:22:25.026Z" }
wheels = [
    { url = "https://files.pythonhosted.org/packages/64/b4/17d4b0b2a2dc85a6df63d1157e028ed19f90d4cd97c36717afef2bc2f395/attrs-26.1.0-py3-none-any.whl", hash = "sha256:c647aa4a12dfbad9333ca4e71fe62ddc36f4e63b2d260a37a8b83d2f043ac309", size = 67548, upload-time = "2026-03-19T14:22:23.645Z" },
]

[[package]]
name = "cbor-diag"
version = "1.1.4"
source = { registry = "https://pypi.org/simple" }
sdist = { url = "https://files.pythonhosted.org/packages/02/48/06287e4969326b3dc4db34e7124646ee6810d0f34d7b428968f212059f4c/cbor_diag-1.1.4.tar.gz", hash = "sha256:ac8f65ef8fdb3ab2794a34e8aacbededf17b218cd5328eeda4a709de621a58c4", size = 18835, upload-time = "2026-04-04T10:01:12.254Z" }
wheels = [
    { url = "https://files.pythonhosted.org/packages/ab/70/8fc4ee7c2f8575cd4f8e6bfd50c78107ec845345c884c4447317464bcbe3/cbor_diag-1.1.4-cp312-cp312-macosx_10_12_x86_64.whl", hash = "sha256:104155e49b6cc3922f75bf5fab42f6ea13160d0047c9570129b35fc08d7ec197", size = 588162, upload-time = "2026-04-04T10:01:48.479Z" },
    { url = "https://files.pythonhosted.org/packages/2e/67/b7cd9a86dcb2db8c1e570e4360ff1968477578c7a21d81bd1693b2fcba3a/cbor_diag-1.1.4-cp312-cp312-macosx_11_0_arm64.whl", hash = "sha256:bcc0cdd66b6a5fed4fd56e89e0dad38f9413f8d7d01d9f19c1d92a1b145e49b0", size = 575015, upload-time = "2026-04-04T10:01:27.914Z" },
    { url = "https://files.pythonhosted.org/packages/0d/cd/789a1d1f101cb23d00658a971f3bde19953f003d8a749a4637697d23f048/cbor_diag-1.1.4-cp312-cp312-manylinux_2_17_aarch64.manylinux2014_aarch64.whl", hash = "sha256:60ebe68972e30f5bc95df91d34e458a3e84e8fe9ca48ac920d9c85d9405c9d3e", size = 617154, upload-time = "2026-04-04T10:01:09.272Z" },
    { url = "https://files.pythonhosted.org/packages/e9/27/ebde6367023b5999bc39a80cadd935943241b32d3de80ba9ef30ecf940b9/cbor_diag-1.1.4-cp312-cp312-manylinux_2_17_armv7l.manylinux2014_armv7l.whl", hash = "sha256:1c2708ad8d7c95b14b2b69a566ce70384a54879ad42f8acfa0b45f67fb036359", size = 619407, upload-time = "2026-04-04T10:01:44.478Z" },
    { url = "https://files.pythonhosted.org/packages/49/b9/4da33a5764b2c8efaafbe517cfd7fadb38de5b6c8b6d8619a544f723dd56/cbor_diag-1.1.4-cp312-cp312-manylinux_2_17_ppc64le.manylinux2014_ppc64le.whl", hash = "sha256:955f45b67b43b7f39cc3b40567b26525a1af39adce20dd5adc443e89f3fc719e", size = 785263, upload-time = "2026-04-04T10:00:38.943Z" },
    { url = "https://files.pythonhosted.org/packages/54/76/545b420768c9b2eed8b777499fe3e766dd5669487e96b415824e56fca7d6/cbor_diag-1.1.4-cp312-cp312-manylinux_2_17_s390x.manylinux2014_s390x.whl", hash = "sha256:2f336bbdc7f399c6290b8bd5f776a188caaf7683bc972c3de99b069d6cd1ae37", size = 660673, upload-time = "2026-04-04T10:01:26.534Z" },
    { url = "https://files.pythonhosted.org/packages/1c/44/89ad758bbddcb2624b4ac7f401d8731a2cb338e00c494a15b0c6e7b7da4c/cbor_diag-1.1.4-cp312-cp312-manylinux_2_17_x86_64.manylinux2014_x86_64.whl", hash = "sha256:524000fab6e49403b71d77e3fbd14a03d2705ae6090c5a5fd19d33b92cf22692", size = 657061, upload-time = "2026-04-04T10:02:20.93Z" },
    { url = "https://files.pythonhosted.org/packages/e0/80/b74f25f15c2c4f5060680c51c9781aea2784fd9f1ae6e4900f5bdbd228b1/cbor_diag-1.1.4-cp312-cp312-manylinux_2_5_i686.manylinux1_i686.whl", hash = "sha256:8eab7d47c1e49a07ecd413fc36cde0075c153e5c2d9dbda019b97cecf80b0d37", size = 671103, upload-time = "2026-04-04T10:01:43.191Z" },
    { url = "https://files.pythonhosted.org/packages/6c/07/0b105aa1a5c01cd6710ebbc7fdc2c24c8cadb36a3e7c5b88b1c30e88794d/cbor_diag-1.1.4-cp312-cp312-musllinux_1_2_aarch64.whl", hash = "sha256:043ea9811d1a5fc07fdcc246e57f5369b6c6c7f30ff800c11dbfb5036d41587e", size = 792511, upload-time = "2026-04-04T10:01:38.779Z" },
    { url = "https://files.pythonhosted.org/packages/b0/40/0416cf1211ccb5f53766399a29a52fe18cf440ee45636673300d993b731d/cbor_diag-1.1.4-cp312-cp312-musllinux_1_2_armv7l.whl", hash = "sha256:8015fda51027f8ae6a9a3e8d17b18adf4be70ad7e8b059144e0fd8eb42814b37", size = 894446, upload-time = "2026-04-04T10:01:37.368Z" },
    { url = "https://files.pythonhosted.org/packages/3f/95/681c050c79f1e977bf88d6c5325906af451423f641582992d78ccc0b8b12/cbor_diag-1.1.4-cp312-cp312-musllinux_1_2_i686.whl", hash = "sha256:3fd752e4ab435e1b8841e5b14388725bfbd0530f1d366d6f0c357817d82f44c2", size = 875466, upload-time = "2026-04-04T10:02:04.916Z" },
    { url = "https://files.pythonhosted.org/packages/2d/c1/82a088f4c04a27ea7bfef72be1a7cbd6603dc6fd21af0cf274dd87d81655/cbor_diag-1.1.4-cp312-cp312-musllinux_1_2_x86_64.whl", hash = "sha256:e3156343d68916b5f0f6976e9645a86efc094f6aa2d6ca3e9b4515eaf2ac4211", size = 838320, upload-time = "2026-04-04T10:00:36.202Z" },
    { url = "https://files.pythonhosted.org/packages/fd/f1/239fc4288f7d4ef5cf02f53ac32d3abef135155196e4b56b3f9a93b75a68/cbor_diag-1.1.4-cp312-cp312-win_amd64.whl", hash = "sha256:406ac4d4ba7d37089e41cdfac809aefef9a7592de34306fe11d468ced14b948e", size = 479636, upload-time = "2026-04-04T10:01:34.516Z" },
    { url = "https://files.pythonhosted.org/packages/a2/c9/78a9addec93e437cc20bbfff48a385c7dc467dddac49d470b7e0777c692c/cbor_diag-1.1.4-cp312-cp312-win_arm64.whl", hash = "sha256:205947682e02cca46c65714277091a9c044c5998ac5cb3a37acc496e4478094a", size = 466986, upload-time = "2026-04-04T10:01:13.296Z" },
]

[[package]]
name = "cbor2"
version = "6.0.1"
source = { registry = "https://pypi.org/simple" }
sdist = { url = "https://files.pythonhosted.org/packages/3e/fe/5d7f37d51ec21cccf9ae14a42a674907b8385779e639482f83c6eff1bcee/cbor2-6.0.1.tar.gz", hash = "sha256:46a745c296ec336fe83fa7905b77b4faa243eb32bb84fab1cfdb0e4636d1985b", size = 84191, upload-time = "2026-04-28T21:23:37.629Z" }
wheels = [
    { url = "https://files.pythonhosted.org/packages/ff/06/9bdbdf550f5bddb103efd0fa57023e73ec2339c8e1269a77191a5c5897d0/cbor2-6.0.1-cp312-cp312-macosx_11_0_arm64.whl", hash = "sha256:778746168f80403dcb5e0e85a16076967652aef74bf2d13f53ce3d150e9b8be7", size = 401250, upload-time = "2026-04-28T21:22:53.838Z" },
    { url = "https://files.pythonhosted.org/packages/fd/0b/8c2b44c7513c58f96a2ef9fed97e504f965ed5cc922f08c1edfe9a0aa808/cbor2-6.0.1-cp312-cp312-manylinux_2_28_aarch64.whl", hash = "sha256:82802f05ae595cfe451ab6a15948b20445a411fb83ef8568591577f6b91313aa", size = 445322, upload-time = "2026-04-28T21:22:55.537Z" },
    { url = "https://files.pythonhosted.org/packages/f9/6c/2c1d9a26bac69b9c97530e342a49c2d8a2fc0aa9e253c5645f074afa17d6/cbor2-6.0.1-cp312-cp312-manylinux_2_28_x86_64.whl", hash = "sha256:65f0dc88cbd2cc252c31212b0bac3d10ae8e94db5e476a662022593cdd3cc56a", size = 456460, upload-time = "2026-04-28T21:22:57.021Z" },
    { url = "https://files.pythonhosted.org/packages/19/c1/feacc2e1278ef708787d61c5e670288353e68dc3a023246d57764e03f373/cbor2-6.0.1-cp312-cp312-musllinux_1_2_aarch64.whl", hash = "sha256:10f0376763ce8913c1a5b9f21c51ca55848ed16795bd2b80860d56ed944374ab", size = 511095, upload-time = "2026-04-28T21:22:59.58Z" },
    { url = "https://files.pythonhosted.org/packages/2b/2e/8c4b5d9d53ca3750ce19878e40be3a7628d7e6e4fb303456ed7c3fc03155/cbor2-6.0.1-cp312-cp312-musllinux_1_2_x86_64.whl", hash = "sha256:83d2b27908f8697041cee46af54ab684e9dd6e9710d70d31dc50e89cc908433d", size = 524005, upload-time = "2026-04-28T21:23:01.284Z" },
    { url = "https://files.pythonhosted.org/packages/e3/36/786ec690daad8d8574a2bf94e6532e39936bbad1d576f2225102298084d1/cbor2-6.0.1-cp312-cp312-win_amd64.whl", hash = "sha256:4d324878156075778da61f9d4a09e6c4306493964f24f8fd92b43d97e99eac10", size = 288302, upload-time = "2026-04-28T21:23:03.081Z" },
    { url = "https://files.pythonhosted.org/packages/97/64/757b3cede871c52af6e26d713546048953d66db60c8840e5a2434a412e70/cbor2-6.0.1-cp312-cp312-win_arm64.whl", hash = "sha256:3e8eaee64cd09d67a413e1fc758750e9e9c15cdb677a725163da834b981552ec", size = 277907, upload-time = "2026-04-28T21:23:04.518Z" },
]

[[package]]
name = "certvalidator"
version = "0.11.1"
source = { registry = "https://pypi.org/simple" }
dependencies = [
    { name = "asn1crypto" },
    { name = "oscrypto" },
]
sdist = { url = "https://files.pythonhosted.org/packages/a2/92/bb5902af005671fe343a55d50db4f1680f8a5551cd1f28f54118c4a61865/certvalidator-0.11.1.tar.gz", hash = "sha256:922d141c94393ab285ca34338e18dd4093e3ae330b1f278e96c837cb62cffaad", size = 25204, upload-time = "2016-07-29T14:57:44.754Z" }
wheels = [
    { url = "https://files.pythonhosted.org/packages/5a/e5/7f18a038f5951318234215403c396cf078e1bef7700a1a8527149e6bc72a/certvalidator-0.11.1-py2.py3-none-any.whl", hash = "sha256:77520b269f516d4fb0902998d5bd0eb3727fe153b659aa1cb828dcf12ea6b8de", size = 31458, upload-time = "2016-07-29T14:57:42.107Z" },
]

[[package]]
name = "cffi"
version = "2.0.0"
source = { registry = "https://pypi.org/simple" }
dependencies = [
    { name = "pycparser", marker = "implementation_name != 'PyPy'" },
]
sdist = { url = "https://files.pythonhosted.org/packages/eb/56/b1ba7935a17738ae8453301356628e8147c79dbb825bcbc73dc7401f9846/cffi-2.0.0.tar.gz", hash = "sha256:44d1b5909021139fe36001ae048dbdde8214afa20200eda0f64c068cac5d5529", size = 523588, upload-time = "2025-09-08T23:24:04.541Z" }
wheels = [
    { url = "https://files.pythonhosted.org/packages/ea/47/4f61023ea636104d4f16ab488e268b93008c3d0bb76893b1b31db1f96802/cffi-2.0.0-cp312-cp312-macosx_10_13_x86_64.whl", hash = "sha256:6d02d6655b0e54f54c4ef0b94eb6be0607b70853c45ce98bd278dc7de718be5d", size = 185271, upload-time = "2025-09-08T23:22:44.795Z" },
    { url = "https://files.pythonhosted.org/packages/df/a2/781b623f57358e360d62cdd7a8c681f074a71d445418a776eef0aadb4ab4/cffi-2.0.0-cp312-cp312-macosx_11_0_arm64.whl", hash = "sha256:8eca2a813c1cb7ad4fb74d368c2ffbbb4789d377ee5bb8df98373c2cc0dee76c", size = 181048, upload-time = "2025-09-08T23:22:45.938Z" },
    { url = "https://files.pythonhosted.org/packages/ff/df/a4f0fbd47331ceeba3d37c2e51e9dfc9722498becbeec2bd8bc856c9538a/cffi-2.0.0-cp312-cp312-manylinux1_i686.manylinux2014_i686.manylinux_2_17_i686.manylinux_2_5_i686.whl", hash = "sha256:21d1152871b019407d8ac3985f6775c079416c282e431a4da6afe7aefd2bccbe", size = 212529, upload-time = "2025-09-08T23:22:47.349Z" },
    { url = "https://files.pythonhosted.org/packages/d5/72/12b5f8d3865bf0f87cf1404d8c374e7487dcf097a1c91c436e72e6badd83/cffi-2.0.0-cp312-cp312-manylinux2014_aarch64.manylinux_2_17_aarch64.whl", hash = "sha256:b21e08af67b8a103c71a250401c78d5e0893beff75e28c53c98f4de42f774062", size = 220097, upload-time = "2025-09-08T23:22:48.677Z" },
    { url = "https://files.pythonhosted.org/packages/c2/95/7a135d52a50dfa7c882ab0ac17e8dc11cec9d55d2c18dda414c051c5e69e/cffi-2.0.0-cp312-cp312-manylinux2014_ppc64le.manylinux_2_17_ppc64le.whl", hash = "sha256:1e3a615586f05fc4065a8b22b8152f0c1b00cdbc60596d187c2a74f9e3036e4e", size = 207983, upload-time = "2025-09-08T23:22:50.06Z" },
    { url = "https://files.pythonhosted.org/packages/3a/c8/15cb9ada8895957ea171c62dc78ff3e99159ee7adb13c0123c001a2546c1/cffi-2.0.0-cp312-cp312-manylinux2014_s390x.manylinux_2_17_s390x.whl", hash = "sha256:81afed14892743bbe14dacb9e36d9e0e504cd204e0b165062c488942b9718037", size = 206519, upload-time = "2025-09-08T23:22:51.364Z" },
    { url = "https://files.pythonhosted.org/packages/78/2d/7fa73dfa841b5ac06c7b8855cfc18622132e365f5b81d02230333ff26e9e/cffi-2.0.0-cp312-cp312-manylinux2014_x86_64.manylinux_2_17_x86_64.whl", hash = "sha256:3e17ed538242334bf70832644a32a7aae3d83b57567f9fd60a26257e992b79ba", size = 219572, upload-time = "2025-09-08T23:22:52.902Z" },
    { url = "https://files.pythonhosted.org/packages/07/e0/267e57e387b4ca276b90f0434ff88b2c2241ad72b16d31836adddfd6031b/cffi-2.0.0-cp312-cp312-musllinux_1_2_aarch64.whl", hash = "sha256:3925dd22fa2b7699ed2617149842d2e6adde22b262fcbfada50e3d195e4b3a94", size = 222963, upload-time = "2025-09-08T23:22:54.518Z" },
    { url = "https://files.pythonhosted.org/packages/b6/75/1f2747525e06f53efbd878f4d03bac5b859cbc11c633d0fb81432d98a795/cffi-2.0.0-cp312-cp312-musllinux_1_2_x86_64.whl", hash = "sha256:2c8f814d84194c9ea681642fd164267891702542f028a15fc97d4674b6206187", size = 221361, upload-time = "2025-09-08T23:22:55.867Z" },
    { url = "https://files.pythonhosted.org/packages/7b/2b/2b6435f76bfeb6bbf055596976da087377ede68df465419d192acf00c437/cffi-2.0.0-cp312-cp312-win32.whl", hash = "sha256:da902562c3e9c550df360bfa53c035b2f241fed6d9aef119048073680ace4a18", size = 172932, upload-time = "2025-09-08T23:22:57.188Z" },
    { url = "https://files.pythonhosted.org/packages/f8/ed/13bd4418627013bec4ed6e54283b1959cf6db888048c7cf4b4c3b5b36002/cffi-2.0.0-cp312-cp312-win_amd64.whl", hash = "sha256:da68248800ad6320861f129cd9c1bf96ca849a2771a59e0344e88681905916f5", size = 183557, upload-time = "2025-09-08T23:22:58.351Z" },
    { url = "https://files.pythonhosted.org/packages/95/31/9f7f93ad2f8eff1dbc1c3656d7ca5bfd8fb52c9d786b4dcf19b2d02217fa/cffi-2.0.0-cp312-cp312-win_arm64.whl", hash = "sha256:4671d9dd5ec934cb9a73e7ee9676f9362aba54f7f34910956b84d727b0d73fb6", size = 177762, upload-time = "2025-09-08T23:22:59.668Z" },
]

[[package]]
name = "colorama"
version = "0.4.6"
source = { registry = "https://pypi.org/simple" }
sdist = { url = "https://files.pythonhosted.org/packages/d8/53/6f443c9a4a8358a93a6792e2acffb9d9d5cb0a5cfd8802644b7b1c9a02e4/colorama-0.4.6.tar.gz", hash = "sha256:08695f5cb7ed6e0531a20572697297273c47b8cae5a63ffc6d6ed5c201be6e44", size = 27697, upload-time = "2022-10-25T02:36:22.414Z" }
wheels = [
    { url = "https://files.pythonhosted.org/packages/d1/d6/3965ed04c63042e047cb6a3e6ed1a63a35087b6a609aa3a15ed8ac56c221/colorama-0.4.6-py2.py3-none-any.whl", hash = "sha256:4f1d9991f5acc0ca119f9d443620b77f9d6b33703e51011c16baf57afb285fc6", size = 25335, upload-time = "2022-10-25T02:36:20.889Z" },
]

[[package]]
name = "cryptography"
version = "47.0.0"
source = { registry = "https://pypi.org/simple" }
dependencies = [
    { name = "cffi", marker = "platform_python_implementation != 'PyPy'" },
]
sdist = { url = "https://files.pythonhosted.org/packages/ef/b2/7ffa7fe8207a8c42147ffe70c3e360b228160c1d85dc3faff16aaa3244c0/cryptography-47.0.0.tar.gz", hash = "sha256:9f8e55fe4e63613a5e1cc5819030f27b97742d720203a087802ce4ce9ceb52bb", size = 830863, upload-time = "2026-04-24T19:54:57.056Z" }
wheels = [
    { url = "https://files.pythonhosted.org/packages/a4/98/40dfe932134bdcae4f6ab5927c87488754bf9eb79297d7e0070b78dd58e9/cryptography-47.0.0-cp311-abi3-macosx_10_9_universal2.whl", hash = "sha256:160ad728f128972d362e714054f6ba0067cab7fb350c5202a9ae8ae4ce3ef1a0", size = 7912214, upload-time = "2026-04-24T19:53:03.864Z" },
    { url = "https://files.pythonhosted.org/packages/34/c6/2733531243fba725f58611b918056b277692f1033373dcc8bd01af1c05d4/cryptography-47.0.0-cp311-abi3-manylinux2014_aarch64.manylinux_2_17_aarch64.whl", hash = "sha256:b9a8943e359b7615db1a3ba587994618e094ff3d6fa5a390c73d079ce18b3973", size = 4644617, upload-time = "2026-04-24T19:53:06.909Z" },
    { url = "https://files.pythonhosted.org/packages/00/e3/b27be1a670a9b87f855d211cf0e1174a5d721216b7616bd52d8581d912ed/cryptography-47.0.0-cp311-abi3-manylinux2014_x86_64.manylinux_2_17_x86_64.whl", hash = "sha256:f5c15764f261394b22aef6b00252f5195f46f2ca300bec57149474e2538b31f8", size = 4668186, upload-time = "2026-04-24T19:53:09.053Z" },
    { url = "https://files.pythonhosted.org/packages/81/b9/8443cfe5d17d482d348cee7048acf502bb89a51b6382f06240fd290d4ca3/cryptography-47.0.0-cp311-abi3-manylinux_2_28_aarch64.whl", hash = "sha256:9c59ab0e0fa3a180a5a9c59f3a5abe3ef90d474bc56d7fadfbe80359491b615b", size = 4651244, upload-time = "2026-04-24T19:53:11.217Z" },
    { url = "https://files.pythonhosted.org/packages/5d/5e/13ed0cdd0eb88ba159d6dd5ebfece8cb901dbcf1ae5ac4072e28b55d3153/cryptography-47.0.0-cp311-abi3-manylinux_2_28_ppc64le.whl", hash = "sha256:34b4358b925a5ea3e14384ca781a2c0ef7ac219b57bb9eacc4457078e2b19f92", size = 5252906, upload-time = "2026-04-24T19:53:13.532Z" },
    { url = "https://files.pythonhosted.org/packages/64/16/ed058e1df0f33d440217cd120d41d5dda9dd215a80b8187f68483185af82/cryptography-47.0.0-cp311-abi3-manylinux_2_28_x86_64.whl", hash = "sha256:0024b87d47ae2399165a6bfb20d24888881eeab83ae2566d62467c5ff0030ce7", size = 4701842, upload-time = "2026-04-24T19:53:15.618Z" },
    { url = "https://files.pythonhosted.org/packages/02/e0/3d30986b30fdbd9e969abbdf8ba00ed0618615144341faeb57f395a084fe/cryptography-47.0.0-cp311-abi3-manylinux_2_31_armv7l.whl", hash = "sha256:1e47422b5557bb82d3fff997e8d92cff4e28b9789576984f08c248d2b3535d93", size = 4289313, upload-time = "2026-04-24T19:53:17.755Z" },
    { url = "https://files.pythonhosted.org/packages/df/fd/32db38e3ad0cb331f0691cb4c7a8a6f176f679124dee746b3af6633db4d9/cryptography-47.0.0-cp311-abi3-manylinux_2_34_aarch64.whl", hash = "sha256:6f29f36582e6151d9686235e586dd35bb67491f024767d10b842e520dc6a07ac", size = 4650964, upload-time = "2026-04-24T19:53:20.062Z" },
    { url = "https://files.pythonhosted.org/packages/86/53/5395d944dfd48cb1f67917f533c609c34347185ef15eb4308024c876f274/cryptography-47.0.0-cp311-abi3-manylinux_2_34_ppc64le.whl", hash = "sha256:a9b761f012a943b7de0e828843c5688d0de94a0578d44d6c85a1bae32f87791f", size = 5207817, upload-time = "2026-04-24T19:53:22.498Z" },
    { url = "https://files.pythonhosted.org/packages/34/4f/e5711b28e1901f7d480a2b1b688b645aa4c77c73f10731ed17e7f7db3f0d/cryptography-47.0.0-cp311-abi3-manylinux_2_34_x86_64.whl", hash = "sha256:4e1de79e047e25d6e9f8cea71c86b4a53aced64134f0f003bbcbf3655fd172c8", size = 4701544, upload-time = "2026-04-24T19:53:24.356Z" },
    { url = "https://files.pythonhosted.org/packages/22/22/c8ddc25de3010fc8da447648f5a092c40e7a8fadf01dd6d255d9c0b9373d/cryptography-47.0.0-cp311-abi3-musllinux_1_2_aarch64.whl", hash = "sha256:ef6b3634087f18d2155b1e8ce264e5345a753da2c5fa9815e7d41315c90f8318", size = 4783536, upload-time = "2026-04-24T19:53:26.665Z" },
    { url = "https://files.pythonhosted.org/packages/66/b6/d4a68f4ea999c6d89e8498579cba1c5fcba4276284de7773b17e4fa69293/cryptography-47.0.0-cp311-abi3-musllinux_1_2_x86_64.whl", hash = "sha256:11dbb9f50a0f1bb9757b3d8c27c1101780efb8f0bdecfb12439c22a74d64c001", size = 4926106, upload-time = "2026-04-24T19:53:28.686Z" },
    { url = "https://files.pythonhosted.org/packages/54/ed/5f524db1fade9c013aa618e1c99c6ed05e8ffc9ceee6cda22fed22dda3f4/cryptography-47.0.0-cp311-abi3-win32.whl", hash = "sha256:7fda2f02c9015db3f42bb8a22324a454516ed10a8c29ca6ece6cdbb5efe2a203", size = 3258581, upload-time = "2026-04-24T19:53:31.058Z" },
    { url = "https://files.pythonhosted.org/packages/b2/dc/1b901990b174786569029f67542b3edf72ac068b6c3c8683c17e6a2f5363/cryptography-47.0.0-cp311-abi3-win_amd64.whl", hash = "sha256:f5c3296dab66202f1b18a91fa266be93d6aa0c2806ea3d67762c69f60adc71aa", size = 3775309, upload-time = "2026-04-24T19:53:33.054Z" },
    { url = "https://files.pythonhosted.org/packages/e0/34/a4fae8ae7c3bc227460c9ae43f56abf1b911da0ec29e0ebac53bb0a4b6b7/cryptography-47.0.0-cp38-abi3-macosx_10_9_universal2.whl", hash = "sha256:14432c8a9bcb37009784f9594a62fae211a2ae9543e96c92b2a8e4c3cd5cd0c4", size = 7904072, upload-time = "2026-04-24T19:54:06.411Z" },
    { url = "https://files.pythonhosted.org/packages/01/64/d7b1e54fdb69f22d24a64bb3e88dc718b31c7fb10ef0b9691a3cf7eeea6e/cryptography-47.0.0-cp38-abi3-manylinux2014_aarch64.manylinux_2_17_aarch64.whl", hash = "sha256:07efe86201817e7d3c18781ca9770bc0db04e1e48c994be384e4602bc38f8f27", size = 4635767, upload-time = "2026-04-24T19:54:08.519Z" },
    { url = "https://files.pythonhosted.org/packages/8b/7b/cca826391fb2a94efdcdfe4631eb69306ee1cff0b22f664a412c90713877/cryptography-47.0.0-cp38-abi3-manylinux2014_x86_64.manylinux_2_17_x86_64.whl", hash = "sha256:2b45761c6ec22b7c726d6a829558777e32d0f1c8be7c3f3480f9c912d5ee8a10", size = 4654350, upload-time = "2026-04-24T19:54:10.795Z" },
    { url = "https://files.pythonhosted.org/packages/4c/65/4b57bcc823f42a991627c51c2f68c9fd6eb1393c1756aac876cba2accae2/cryptography-47.0.0-cp38-abi3-manylinux_2_28_aarch64.whl", hash = "sha256:edd4da498015da5b9f26d38d3bfc2e90257bfa9cbed1f6767c282a0025ae649b", size = 4643394, upload-time = "2026-04-24T19:54:13.275Z" },
    { url = "https://files.pythonhosted.org/packages/f4/c4/2c5fbeea70adbbca2bbae865e1d605d6a4a7f8dbd9d33eaf69645087f06c/cryptography-47.0.0-cp38-abi3-manylinux_2_28_ppc64le.whl", hash = "sha256:9af828c0d5a65c70ec729cd7495a4bf1a67ecb66417b8f02ff125ab8a6326a74", size = 5225777, upload-time = "2026-04-24T19:54:15.18Z" },
    { url = "https://files.pythonhosted.org/packages/7e/b8/ac57107ef32749d2b244e36069bb688792a363aaaa3acc9e3cf84c130315/cryptography-47.0.0-cp38-abi3-manylinux_2_28_x86_64.whl", hash = "sha256:256d07c78a04d6b276f5df935a9923275f53bd1522f214447fdf365494e2d515", size = 4688771, upload-time = "2026-04-24T19:54:17.835Z" },
    { url = "https://files.pythonhosted.org/packages/56/fc/9f1de22ff8be99d991f240a46863c52d475404c408886c5a38d2b5c3bb26/cryptography-47.0.0-cp38-abi3-manylinux_2_31_armv7l.whl", hash = "sha256:5d0e362ff51041b0c0d219cc7d6924d7b8996f57ce5712bdcef71eb3c65a59cc", size = 4270753, upload-time = "2026-04-24T19:54:19.963Z" },
    { url = "https://files.pythonhosted.org/packages/00/68/d70c852797aa68e8e48d12e5a87170c43f67bb4a59403627259dd57d15de/cryptography-47.0.0-cp38-abi3-manylinux_2_34_aarch64.whl", hash = "sha256:1581aef4219f7ca2849d0250edaa3866212fb74bf5667284f46aa92f9e65c1ca", size = 4642911, upload-time = "2026-04-24T19:54:21.818Z" },
    { url = "https://files.pythonhosted.org/packages/a5/51/661cbee74f594c5d97ff82d34f10d5551c085ca4668645f4606ebd22bd5d/cryptography-47.0.0-cp38-abi3-manylinux_2_34_ppc64le.whl", hash = "sha256:a49a3eb5341b9503fa3000a9a0db033161db90d47285291f53c2a9d2cd1b7f76", size = 5181411, upload-time = "2026-04-24T19:54:24.376Z" },
    { url = "https://files.pythonhosted.org/packages/94/87/f2b6c374a82cf076cfa1416992ac8e8ec94d79facc37aec87c1a5cb72352/cryptography-47.0.0-cp38-abi3-manylinux_2_34_x86_64.whl", hash = "sha256:2207a498b03275d0051589e326b79d4cf59985c99031b05bb292ac52631c37fe", size = 4688262, upload-time = "2026-04-24T19:54:26.946Z" },
    { url = "https://files.pythonhosted.org/packages/14/e2/8b7462f4acf21ec509616f0245018bb197194ab0b65c2ea21a0bdd53c0eb/cryptography-47.0.0-cp38-abi3-musllinux_1_2_aarch64.whl", hash = "sha256:7a02675e2fabd0c0fc04c868b8781863cbf1967691543c22f5470500ff840b31", size = 4775506, upload-time = "2026-04-24T19:54:28.926Z" },
    { url = "https://files.pythonhosted.org/packages/70/75/158e494e4c08dc05e039da5bb48553826bd26c23930cf8d3cd5f21fa8921/cryptography-47.0.0-cp38-abi3-musllinux_1_2_x86_64.whl", hash = "sha256:80887c5cbd1774683cb126f0ab4184567f080071d5acf62205acb354b4b753b7", size = 4912060, upload-time = "2026-04-24T19:54:30.869Z" },
    { url = "https://files.pythonhosted.org/packages/06/bd/0a9d3edbf5eadbac926d7b9b3cd0c4be584eeeae4a003d24d9eda4affbbd/cryptography-47.0.0-cp38-abi3-win32.whl", hash = "sha256:ed67ea4e0cfb5faa5bc7ecb6e2b8838f3807a03758eec239d6c21c8769355310", size = 3248487, upload-time = "2026-04-24T19:54:33.494Z" },
    { url = "https://files.pythonhosted.org/packages/60/80/5681af756d0da3a599b7bdb586fac5a1540f1bcefd2717a20e611ddade45/cryptography-47.0.0-cp38-abi3-win_amd64.whl", hash = "sha256:835d2d7f47cdc53b3224e90810fb1d36ca94ea29cc1801fb4c1bc43876735769", size = 3755737, upload-time = "2026-04-24T19:54:35.408Z" },
]

[[package]]
name = "ecdsa"
version = "0.19.2"
source = { registry = "https://pypi.org/simple" }
dependencies = [
    { name = "six" },
]
sdist = { url = "https://files.pythonhosted.org/packages/25/ca/8de7744cb3bc966c85430ca2d0fcaeea872507c6a4cf6e007f7fe269ed9d/ecdsa-0.19.2.tar.gz", hash = "sha256:62635b0ac1ca2e027f82122b5b81cb706edc38cd91c63dda28e4f3455a2bf930", size = 202432, upload-time = "2026-03-26T09:58:17.675Z" }
wheels = [
    { url = "https://files.pythonhosted.org/packages/51/79/119091c98e2bf49e24ed9f3ae69f816d715d2904aefa6a2baa039a2ba0b0/ecdsa-0.19.2-py2.py3-none-any.whl", hash = "sha256:840f5dc5e375c68f36c1a7a5b9caad28f95daa65185c9253c0c08dd952bb7399", size = 150818, upload-time = "2026-03-26T09:58:15.808Z" },
]

[[package]]
name = "iniconfig"
version = "2.3.0"
source = { registry = "https://pypi.org/simple" }
sdist = { url = "https://files.pythonhosted.org/packages/72/34/14ca021ce8e5dfedc35312d08ba8bf51fdd999c576889fc2c24cb97f4f10/iniconfig-2.3.0.tar.gz", hash = "sha256:c76315c77db068650d49c5b56314774a7804df16fee4402c1f19d6d15d8c4730", size = 20503, upload-time = "2025-10-18T21:55:43.219Z" }
wheels = [
    { url = "https://files.pythonhosted.org/packages/cb/b1/3846dd7f199d53cb17f49cba7e651e9ce294d8497c8c150530ed11865bb8/iniconfig-2.3.0-py3-none-any.whl", hash = "sha256:f631c04d2c48c52b84d0d0549c99ff3859c98df65b3101406327ecc7d53fbf12", size = 7484, upload-time = "2025-10-18T21:55:41.639Z" },
]

[[package]]
name = "oscrypto"
version = "1.3.0"
source = { registry = "https://pypi.org/simple" }
dependencies = [
    { name = "asn1crypto" },
]
sdist = { url = "https://files.pythonhosted.org/packages/06/81/a7654e654a4b30eda06ef9ad8c1b45d1534bfd10b5c045d0c0f6b16fecd2/oscrypto-1.3.0.tar.gz", hash = "sha256:6f5fef59cb5b3708321db7cca56aed8ad7e662853351e7991fcf60ec606d47a4", size = 184590, upload-time = "2022-03-18T01:53:26.889Z" }
wheels = [
    { url = "https://files.pythonhosted.org/packages/01/7c/fa07d3da2b6253eb8474be16eab2eadf670460e364ccc895ca7ff388ee30/oscrypto-1.3.0-py2.py3-none-any.whl", hash = "sha256:2b2f1d2d42ec152ca90ccb5682f3e051fb55986e1b170ebde472b133713e7085", size = 194553, upload-time = "2022-03-18T01:53:24.559Z" },
]

[[package]]
name = "packaging"
version = "26.2"
source = { registry = "https://pypi.org/simple" }
sdist = { url = "https://files.pythonhosted.org/packages/d7/f1/e7a6dd94a8d4a5626c03e4e99c87f241ba9e350cd9e6d75123f992427270/packaging-26.2.tar.gz", hash = "sha256:ff452ff5a3e828ce110190feff1178bb1f2ea2281fa2075aadb987c2fb221661", size = 228134, upload-time = "2026-04-24T20:15:23.917Z" }
wheels = [
    { url = "https://files.pythonhosted.org/packages/df/b2/87e62e8c3e2f4b32e5fe99e0b86d576da1312593b39f47d8ceef365e95ed/packaging-26.2-py3-none-any.whl", hash = "sha256:5fc45236b9446107ff2415ce77c807cee2862cb6fac22b8a73826d0693b0980e", size = 100195, upload-time = "2026-04-24T20:15:22.081Z" },
]

[[package]]
name = "pluggy"
version = "1.6.0"
source = { registry = "https://pypi.org/simple" }
sdist = { url = "https://files.pythonhosted.org/packages/f9/e2/3e91f31a7d2b083fe6ef3fa267035b518369d9511ffab804f839851d2779/pluggy-1.6.0.tar.gz", hash = "sha256:7dcc130b76258d33b90f61b658791dede3486c3e6bfb003ee5c9bfb396dd22f3", size = 69412, upload-time = "2025-05-15T12:30:07.975Z" }
wheels = [
    { url = "https://files.pythonhosted.org/packages/54/20/4d324d65cc6d9205fabedc306948156824eb9f0ee1633355a8f7ec5c66bf/pluggy-1.6.0-py3-none-any.whl", hash = "sha256:e920276dd6813095e9377c0bc5566d94c932c33b27a3e3945d8389c374dd4746", size = 20538, upload-time = "2025-05-15T12:30:06.134Z" },
]

[[package]]
name = "pycose"
version = "1.1.0"
source = { registry = "https://pypi.org/simple" }
dependencies = [
    { name = "attrs" },
    { name = "cbor2" },
    { name = "certvalidator" },
    { name = "cryptography" },
    { name = "ecdsa" },
]
sdist = { url = "https://files.pythonhosted.org/packages/e6/eb/e87abf1707fd2f01a1ab0c428dee8ee2358f0a6af82af5c211a7f15a41d4/pycose-1.1.0.tar.gz", hash = "sha256:702f73c7d9b865052862407e768515aca1d7c6fb3df3c90d169fecf913ae071f", size = 47186, upload-time = "2023-12-15T18:09:43.705Z" }
wheels = [
    { url = "https://files.pythonhosted.org/packages/b3/60/c43d3d844a674cd3fcdfaac829e2c2816a070055ec0792e326f8b9354a06/pycose-1.1.0-py3-none-any.whl", hash = "sha256:52b524e9d314d6ec89462a7666afdb398a6e7beeede26104617d8246b8c79692", size = 50427, upload-time = "2023-12-15T18:09:41.87Z" },
]

[[package]]
name = "pycparser"
version = "3.0"
source = { registry = "https://pypi.org/simple" }
sdist = { url = "https://files.pythonhosted.org/packages/1b/7d/92392ff7815c21062bea51aa7b87d45576f649f16458d78b7cf94b9ab2e6/pycparser-3.0.tar.gz", hash = "sha256:600f49d217304a5902ac3c37e1281c9fe94e4d0489de643a9504c5cdfdfc6b29", size = 103492, upload-time = "2026-01-21T14:26:51.89Z" }
wheels = [
    { url = "https://files.pythonhosted.org/packages/0c/c3/44f3fbbfa403ea2a7c779186dc20772604442dde72947e7d01069cbe98e3/pycparser-3.0-py3-none-any.whl", hash = "sha256:b727414169a36b7d524c1c3e31839a521725078d7b2ff038656844266160a992", size = 48172, upload-time = "2026-01-21T14:26:50.693Z" },
]

[[package]]
name = "pygments"
version = "2.20.0"
source = { registry = "https://pypi.org/simple" }
sdist = { url = "https://files.pythonhosted.org/packages/c3/b2/bc9c9196916376152d655522fdcebac55e66de6603a76a02bca1b6414f6c/pygments-2.20.0.tar.gz", hash = "sha256:6757cd03768053ff99f3039c1a36d6c0aa0b263438fcab17520b30a303a82b5f", size = 4955991, upload-time = "2026-03-29T13:29:33.898Z" }
wheels = [
    { url = "https://files.pythonhosted.org/packages/f4/7e/a72dd26f3b0f4f2bf1dd8923c85f7ceb43172af56d63c7383eb62b332364/pygments-2.20.0-py3-none-any.whl", hash = "sha256:81a9e26dd42fd28a23a2d169d86d7ac03b46e2f8b59ed4698fb4785f946d0176", size = 1231151, upload-time = "2026-03-29T13:29:30.038Z" },
]

[[package]]
name = "pymdoccbor"
version = "1.3.0"
source = { git = "https://github.com/IdentityPython/pyMDOC-CBOR.git?rev=1.3.0#22198bb95cf8d35feb1671d04dbd0164ed713de5" }
dependencies = [
    { name = "cbor-diag" },
    { name = "cbor2" },
    { name = "pycose" },
]

[[package]]
name = "pytest"
version = "9.0.3"
source = { registry = "https://pypi.org/simple" }
dependencies = [
    { name = "colorama", marker = "sys_platform == 'win32'" },
    { name = "iniconfig" },
    { name = "packaging" },
    { name = "pluggy" },
    { name = "pygments" },
]
sdist = { url = "https://files.pythonhosted.org/packages/7d/0d/549bd94f1a0a402dc8cf64563a117c0f3765662e2e668477624baeec44d5/pytest-9.0.3.tar.gz", hash = "sha256:b86ada508af81d19edeb213c681b1d48246c1a91d304c6c81a427674c17eb91c", size = 1572165, upload-time = "2026-04-07T17:16:18.027Z" }
wheels = [
    { url = "https://files.pythonhosted.org/packages/d4/24/a372aaf5c9b7208e7112038812994107bc65a84cd00e0354a88c2c77a617/pytest-9.0.3-py3-none-any.whl", hash = "sha256:2c5efc453d45394fdd706ade797c0a81091eccd1d6e4bccfcd476e2b8e0ab5d9", size = 375249, upload-time = "2026-04-07T17:16:16.13Z" },
]

[[package]]
name = "shc-mdoc-fixtures-tool"
version = "0.1.0"
source = { virtual = "." }
dependencies = [
    { name = "cryptography" },
    { name = "pymdoccbor" },
]

[package.dev-dependencies]
dev = [
    { name = "pytest" },
]

[package.metadata]
requires-dist = [
    { name = "cryptography", specifier = ">=46.0.3" },
    { name = "pymdoccbor", git = "https://github.com/IdentityPython/pyMDOC-CBOR.git?rev=1.3.0" },
]

[package.metadata.requires-dev]
dev = [{ name = "pytest", specifier = ">=9.0.0" }]

[[package]]
name = "six"
version = "1.17.0"
source = { registry = "https://pypi.org/simple" }
sdist = { url = "https://files.pythonhosted.org/packages/94/e7/b2c673351809dca68a0e064b6af791aa332cf192da575fd474ed7d6f16a2/six-1.17.0.tar.gz", hash = "sha256:ff70335d468e7eb6ec65b95b99d3a2836546063f63acc5171de367e834932a81", size = 34031, upload-time = "2024-12-04T17:35:28.174Z" }
wheels = [
    { url = "https://files.pythonhosted.org/packages/b7/ce/149a00dd41f10bc29e5921b496af8b574d8413afcd5e30dfa0ed46c2cc5e/six-1.17.0-py2.py3-none-any.whl", hash = "sha256:4721f391ed90541fddacab5acf947aa0d3dc7d27b2e1e8eda2be8970586c3274", size = 11050, upload-time = "2024-12-04T17:35:26.475Z" },
]
